
Microsoft Visual Studio Solution File, Format Version 12.00
# Visual Studio Version 17
VisualStudioVersion = 17.4.33213.308
MinimumVisualStudioVersion = 10.0.40219.1
Project("{9A19103F-16F7-4668-BE54-9A1E7A4F7556}") = "Samurai", "Samurai\Samurai.csproj", "{89EFB1BE-890F-484D-87AB-F454704BCF67}"
EndProject
Global
	GlobalSection(SolutionConfigurationPlatforms) = preSolution
		Debug|Any CPU = Debug|Any CPU
		Release|Any CPU = Release|Any CPU
	EndGlobalSection
	GlobalSection(ProjectConfigurationPlatforms) = postSolution
		{89EFB1BE-890F-484D-87AB-F454704BCF67}.Debug|Any CPU.ActiveCfg = Debug|Any CPU
		{89EFB1BE-890F-484D-87AB-F454704BCF67}.Debug|Any CPU.Build.0 = Debug|Any CPU
		{89EFB1BE-890F-484D-87AB-F454704BCF67}.Release|Any CPU.ActiveCfg = Release|Any CPU
		{89EFB1BE-890F-484D-87AB-F454704BCF67}.Release|Any CPU.Build.0 = Release|Any CPU
	EndGlobalSection
	GlobalSection(SolutionProperties) = preSolution
		HideSolutionNode = FALSE
	EndGlobalSection
	GlobalSection(ExtensibilityGlobals) = postSolution
		SolutionGuid = {DD4A2FFB-51D9-4C1B-945E-2C16A471F33B}
	EndGlobalSection
EndGlobal
